
Microsoft Visual Studio Solution File, Format Version 11.00
# Visual Studio 2010
Project("{FAE04EC0-301F-11D3-BF4B-00C04F79EFBC}") = "TileEngine", "TileEngine\TileEngine\TileEngine.csproj", "{1D2D663D-E788-4C94-979F-DEEABA2BD269}"
EndProject
Project("{96E2B04D-8817-42C6-938A-82C39BA4D311}") = "TileEngineContent", "TileEngine\TileEngineContent\TileEngineContent.contentproj", "{63EF87F1-BA28-4194-AEC0-F7FC85C34FC6}"
EndProject
Global
	GlobalSection(SolutionConfigurationPlatforms) = preSolution
		Debug|x86 = Debug|x86
		Release|x86 = Release|x86
	EndGlobalSection
	GlobalSection(ProjectConfigurationPlatforms) = postSolution
		{1D2D663D-E788-4C94-979F-DEEABA2BD269}.Debug|x86.ActiveCfg = Debug|x86
		{1D2D663D-E788-4C94-979F-DEEABA2BD269}.Debug|x86.Build.0 = Debug|x86
		{1D2D663D-E788-4C94-979F-DEEABA2BD269}.Release|x86.ActiveCfg = Release|x86
		{1D2D663D-E788-4C94-979F-DEEABA2BD269}.Release|x86.Build.0 = Release|x86
		{63EF87F1-BA28-4194-AEC0-F7FC85C34FC6}.Debug|x86.ActiveCfg = Debug|x86
		{63EF87F1-BA28-4194-AEC0-F7FC85C34FC6}.Release|x86.ActiveCfg = Release|x86
	EndGlobalSection
	GlobalSection(SolutionProperties) = preSolution
		HideSolutionNode = FALSE
	EndGlobalSection
EndGlobal
